
Microsoft Visual Studio Solution File, Format Version 12.00
# Visual Studio Version 17
VisualStudioVersion = 17.2.32210.308
MinimumVisualStudioVersion = 10.0.40219.1
Project("{9A19103F-16F7-4668-BE54-9A1E7A4F7556}") = "Interpreter", "Interpreter\Interpreter.csproj", "{A94CCB93-2A0A-44E5-86DB-81CD3E887A23}"
EndProject
Project("{9A19103F-16F7-4668-BE54-9A1E7A4F7556}") = "Interpreter.Tests", "Interpreter.Tests\Interpreter.Tests.csproj", "{0BA7AA9E-4E90-4FCD-A614-4942771726D2}"
EndProject
Global
	GlobalSection(SolutionConfigurationPlatforms) = preSolution
		Debug|Any CPU = Debug|Any CPU
		Release|Any CPU = Release|Any CPU
	EndGlobalSection
	GlobalSection(ProjectConfigurationPlatforms) = postSolution
		{A94CCB93-2A0A-44E5-86DB-81CD3E887A23}.Debug|Any CPU.ActiveCfg = Debug|Any CPU
		{A94CCB93-2A0A-44E5-86DB-81CD3E887A23}.Debug|Any CPU.Build.0 = Debug|Any CPU
		{A94CCB93-2A0A-44E5-86DB-81CD3E887A23}.Release|Any CPU.ActiveCfg = Release|Any CPU
		{A94CCB93-2A0A-44E5-86DB-81CD3E887A23}.Release|Any CPU.Build.0 = Release|Any CPU
		{0BA7AA9E-4E90-4FCD-A614-4942771726D2}.Debug|Any CPU.ActiveCfg = Debug|Any CPU
		{0BA7AA9E-4E90-4FCD-A614-4942771726D2}.Debug|Any CPU.Build.0 = Debug|Any CPU
		{0BA7AA9E-4E90-4FCD-A614-4942771726D2}.Release|Any CPU.ActiveCfg = Release|Any CPU
		{0BA7AA9E-4E90-4FCD-A614-4942771726D2}.Release|Any CPU.Build.0 = Release|Any CPU
	EndGlobalSection
	GlobalSection(SolutionProperties) = preSolution
		HideSolutionNode = FALSE
	EndGlobalSection
	GlobalSection(ExtensibilityGlobals) = postSolution
		SolutionGuid = {3FB9259D-DA1B-4D98-B402-E80A62411120}
	EndGlobalSection
EndGlobal
